Microsoft Visual Studio Solution File, Format Version 12.00
# Visual Studio Version 18
VisualStudioVersion = 18.4.11605.240
MinimumVisualStudioVersion = 10.0.40219.1
Project("{2150E333-8FDC-42A3-9474-1A3956D46DE8}") = "samples", "samples", "{DF165D70-A88C-4972-9E0A-15C23DAF7CC3}"
EndProject
Project("{2150E333-8FDC-42A3-9474-1A3956D46DE8}") = "src", "src", "{8F00A184-23D2-4989-9592-666441E0262B}"
EndProject
Project("{FAE04EC0-301F-11D3-BF4B-00C04F79EFBC}") = "ZaminX.BuildingBlocks.RuntimeAndRegistration.Logging.WebApiSample", "samples\WebApiSample\ZaminX.BuildingBlocks.RuntimeAndRegistration.Logging.WebApiSample.csproj", "{B4EDB9D9-CDD4-D898-5908-8380E2BFB81B}"
EndProject
Project("{FAE04EC0-301F-11D3-BF4B-00C04F79EFBC}") = "ZaminX.BuildingBlocks.RuntimeAndRegistration.Logging", "src\Logging\ZaminX.BuildingBlocks.RuntimeAndRegistration.Logging.csproj", "{A945D9F6-5E37-BE2F-BFF1-518AF3D3F653}"
EndProject
Global
	GlobalSection(SolutionConfigurationPlatforms) = preSolution
		Debug|Any CPU = Debug|Any CPU
		Release|Any CPU = Release|Any CPU
	EndGlobalSection
	GlobalSection(ProjectConfigurationPlatforms) = postSolution
		{B4EDB9D9-CDD4-D898-5908-8380E2BFB81B}.Debug|Any CPU.ActiveCfg = Debug|Any CPU
		{B4EDB9D9-CDD4-D898-5908-8380E2BFB81B}.Debug|Any CPU.Build.0 = Debug|Any CPU
		{B4EDB9D9-CDD4-D898-5908-8380E2BFB81B}.Release|Any CPU.ActiveCfg = Release|Any CPU
		{B4EDB9D9-CDD4-D898-5908-8380E2BFB81B}.Release|Any CPU.Build.0 = Release|Any CPU
		{A945D9F6-5E37-BE2F-BFF1-518AF3D3F653}.Debug|Any CPU.ActiveCfg = Debug|Any CPU
		{A945D9F6-5E37-BE2F-BFF1-518AF3D3F653}.Debug|Any CPU.Build.0 = Debug|Any CPU
		{A945D9F6-5E37-BE2F-BFF1-518AF3D3F653}.Release|Any CPU.ActiveCfg = Release|Any CPU
		{A945D9F6-5E37-BE2F-BFF1-518AF3D3F653}.Release|Any CPU.Build.0 = Release|Any CPU
	EndGlobalSection
	GlobalSection(SolutionProperties) = preSolution
		HideSolutionNode = FALSE
	EndGlobalSection
	GlobalSection(NestedProjects) = preSolution
		{B4EDB9D9-CDD4-D898-5908-8380E2BFB81B} = {DF165D70-A88C-4972-9E0A-15C23DAF7CC3}
		{A945D9F6-5E37-BE2F-BFF1-518AF3D3F653} = {8F00A184-23D2-4989-9592-666441E0262B}
	EndGlobalSection
EndGlobal
