<Solution>
  <Folder Name="/samples/">
    <Project Path="samples/WebApiSample/ZaminX.BuildingBlocks.CrossCutting.ObjectMapper.WebApiSample.csproj" />
  </Folder>
  <Folder Name="/src/">
    <Project Path="src/Abstractions/ZaminX.BuildingBlocks.CrossCutting.ObjectMapper.Abstractions.csproj" />
    <Project Path="src/AutoMapper/ZaminX.BuildingBlocks.CrossCutting.ObjectMapper.AutoMapper.csproj" />
  </Folder>
</Solution>
